// !$*UTF8*$!
{
	archiveVersion = 1;
	classes = {
	};
	objectVersion = 48;
	objects = {

/* Begin PBXBuildFile section */
		D39F6AEB1FFFC80600DC7B55 /* AppDelegate.swift in Sources */ = {isa = PBXBuildFile; fileRef = D39F6AEA1FFFC80600DC7B55 /* AppDelegate.swift */; };
		D39F6AED1FFFC80600DC7B55 /* ViewController.swift in Sources */ = {isa = PBXBuildFile; fileRef = D39F6AEC1FFFC80600DC7B55 /* ViewController.swift */; };
		D39F6AF01FFFC80600DC7B55 /* Main.storyboard in Resources */ = {isa = PBXBuildFile; fileRef = D39F6AEE1FFFC80600DC7B55 /* Main.storyboard */; };
		D39F6AF21FFFC80600DC7B55 /* Assets.xcassets in Resources */ = {isa = PBXBuildFile; fileRef = D39F6AF11FFFC80600DC7B55 /* Assets.xcassets */; };
		D39F6AF51FFFC80600DC7B55 /* LaunchScreen.storyboard in Resources */ = {isa = PBXBuildFile; fileRef = D39F6AF31FFFC80600DC7B55 /* LaunchScreen.storyboard */; };
/* End PBXBuildFile section */

/* Begin PBXFileReference section */
		D39F6AE71FFFC80600DC7B55 /* WifiDropper.app */ = {isa = PBXFileReference; explicitFileType = wrapper.application; includeInIndex = 0; path = WifiDropper.app; sourceTree = BUILT_PRODUCTS_DIR; };
		D39F6AEA1FFFC80600DC7B55 /* AppDelegate.swift */ = {isa = PBXFileReference; lastKnownFileType = sourcecode.swift; path = AppDelegate.swift; sourceTree = "<group>"; };
		D39F6AEC1FFFC80600DC7B55 /* ViewController.swift */ = {isa = PBXFileReference; lastKnownFileType = sourcecode.swift; path = ViewController.swift; sourceTree = "<group>"; };
		D39F6AEF1FFFC80600DC7B55 /* Base */ = {isa = PBXFileReference; lastKnownFileType = file.storyboard; name = Base; path = Base.lproj/Main.storyboard; sourceTree = "<group>"; };
		D39F6AF11FFFC80600DC7B55 /* Assets.xcassets */ = {isa = PBXFileReference; lastKnownFileType = folder.assetcatalog; path = Assets.xcassets; sourceTree = "<group>"; };
		D39F6AF41FFFC80600DC7B55 /* Base */ = {isa = PBXFileReference; lastKnownFileType = file.storyboard; name = Base; path = Base.lproj/LaunchScreen.storyboard; sourceTree = "<group>"; };
		D39F6AF61FFFC80600DC7B55 /* Info.plist */ = {isa = PBXFileReference; lastKnownFileType = text.plist.xml; path = Info.plist; sourceTree = "<group>"; };
/* End PBXFileReference section */

/* Begin PBXFrameworksBuildPhase section */
		D39F6AE41FFFC80600DC7B55 /* Frameworks */ = {
			isa = PBXFrameworksBuildPhase;
			buildActionMask = 2147483647;
			files = (
			);
			runOnlyForDeploymentPostprocessing = 0;
		};
/* End PBXFrameworksBuildPhase section */

/* Begin PBXGroup section */
		D39F6ADE1FFFC80600DC7B55 = {
			isa = PBXGroup;
			children = (
				D39F6AE91FFFC80600DC7B55 /* WifiDropper */,
				D39F6AE81FFFC80600DC7B55 /* Products */,
			);
			sourceTree = "<group>";
		};
		D39F6AE81FFFC80600DC7B55 /* Products */ = {
			isa = PBXGroup;
			children = (
				D39F6AE71FFFC80600DC7B55 /* WifiDropper.app */,
			);
			name = Products;
			sourceTree = "<group>";
		};
		D39F6AE91FFFC80600DC7B55 /* WifiDropper */ = {
			isa = PBXGroup;
			children = (
				D39F6AEA1FFFC80600DC7B55 /* AppDelegate.swift */,
				D39F6AEC1FFFC80600DC7B55 /* ViewController.swift */,
				D39F6AEE1FFFC80600DC7B55 /* Main.storyboard */,
				D39F6AF11FFFC80600DC7B55 /* Assets.xcassets */,
				D39F6AF31FFFC80600DC7B55 /* LaunchScreen.storyboard */,
				D39F6AF61FFFC80600DC7B55 /* Info.plist */,
			);
			path = WifiDropper;
			sourceTree = "<group>";
		};
/* End PBXGroup section */

/* Begin PBXNativeTarget section */
		D39F6AE61FFFC80600DC7B55 /* WifiDropper */ = {
			isa = PBXNativeTarget;
			buildConfigurationList = D39F6AF91FFFC80600DC7B55 /* Build configuration list for PBXNativeTarget "WifiDropper" */;
			buildPhases = (
				D39F6AE31FFFC80600DC7B55 /* Sources */,
				D39F6AE41FFFC80600DC7B55 /* Frameworks */,
				D39F6AE51FFFC80600DC7B55 /* Resources */,
			);
			buildRules = (
			);
			dependencies = (
			);
			name = WifiDropper;
			productName = WifiDropper;
			productReference = D39F6AE71FFFC80600DC7B55 /* WifiDropper.app */;
			productType = "com.apple.product-type.application";
		};
/* End PBXNativeTarget section */

/* Begin PBXProject section */
		D39F6ADF1FFFC80600DC7B55 /* Project object */ = {
			isa = PBXProject;
			attributes = {
				LastSwiftUpdateCheck = 0900;
				LastUpgradeCheck = 0900;
				ORGANIZATIONNAME = "Marx, Brian";
				TargetAttributes = {
					D39F6AE61FFFC80600DC7B55 = {
						CreatedOnToolsVersion = 9.0;
						ProvisioningStyle = Automatic;
					};
				};
			};
			buildConfigurationList = D39F6AE21FFFC80600DC7B55 /* Build configuration list for PBXProject "WifiDropper" */;
			compatibilityVersion = "Xcode 8.0";
			developmentRegion = en;
			hasScannedForEncodings = 0;
			knownRegions = (
				en,
				Base,
			);
			mainGroup = D39F6ADE1FFFC80600DC7B55;
			productRefGroup = D39F6AE81FFFC80600DC7B55 /* Products */;
			projectDirPath = "";
			projectRoot = "";
			targets = (
				D39F6AE61FFFC80600DC7B55 /* WifiDropper */,
			);
		};
/* End PBXProject section */

/* Begin PBXResourcesBuildPhase section */
		D39F6AE51FFFC80600DC7B55 /* Resources */ = {
			isa = PBXResourcesBuildPhase;
			buildActionMask = 2147483647;
			files = (
				D39F6AF51FFFC80600DC7B55 /* LaunchScreen.storyboard in Resources */,
				D39F6AF21FFFC80600DC7B55 /* Assets.xcassets in Resources */,
				D39F6AF01FFFC80600DC7B55 /* Main.storyboard in Resources */,
			);
			runOnlyForDeploymentPostprocessing = 0;
		};
/* End PBXResourcesBuildPhase section */

/* Begin PBXSourcesBuildPhase section */
		D39F6AE31FFFC80600DC7B55 /* Sources */ = {
			isa = PBXSourcesBuildPhase;
			buildActionMask = 2147483647;
			files = (
				D39F6AED1FFFC80600DC7B55 /* ViewController.swift in Sources */,
				D39F6AEB1FFFC80600DC7B55 /* AppDelegate.swift in Sources */,
			);
			runOnlyForDeploymentPostprocessing = 0;
		};
/* End PBXSourcesBuildPhase section */

/* Begin PBXVariantGroup section */
		D39F6AEE1FFFC80600DC7B55 /* Main.storyboard */ = {
			isa = PBXVariantGroup;
			children = (
				D39F6AEF1FFFC80600DC7B55 /* Base */,
			);
			name = Main.storyboard;
			sourceTree = "<group>";
		};
		D39F6AF31FFFC80600DC7B55 /* LaunchScreen.storyboard */ = {
			isa = PBXVariantGroup;
			children = (
				D39F6AF41FFFC80600DC7B55 /* Base */,
			);
			name = LaunchScreen.storyboard;
			sourceTree = "<group>";
		};
/* End PBXVariantGroup section */

/* Begin XCBuildConfiguration section */
		D39F6AF71FFFC80600DC7B55 /* Debug */ = {
			isa = XCBuildConfiguration;
			buildSettings = {
				ALWAYS_SEARCH_USER_PATHS = NO;
				CLANG_ANALYZER_NONNULL = YES;
				CLANG_ANALYZER_NUMBER_OBJECT_CONVERSION = YES_AGGRESSIVE;
				CLANG_CXX_LANGUAGE_STANDARD = "gnu++14";
				CLANG_CXX_LIBRARY = "libc++";
				CLANG_ENABLE_MODULES = YES;
				CLANG_ENABLE_OBJC_ARC = YES;
				CLANG_WARN_BLOCK_CAPTURE_AUTORELEASING = YES;
				CLANG_WARN_BOOL_CONVERSION = YES;
				CLANG_WARN_COMMA = YES;
				CLANG_WARN_CONSTANT_CONVERSION = YES;
				CLANG_WARN_DIRECT_OBJC_ISA_USAGE = YES_ERROR;
				CLANG_WARN_DOCUMENTATION_COMMENTS = YES;
				CLANG_WARN_EMPTY_BODY = YES;
				CLANG_WARN_ENUM_CONVERSION = YES;
				CLANG_WARN_INFINITE_RECURSION = YES;
				CLANG_WARN_INT_CONVERSION = YES;
				CLANG_WARN_NON_LITERAL_NULL_CONVERSION = YES;
				CLANG_WARN_OBJC_LITERAL_CONVERSION = YES;
				CLANG_WARN_OBJC_ROOT_CLASS = YES_ERROR;
				CLANG_WARN_RANGE_LOOP_ANALYSIS = YES;
				CLANG_WARN_STRICT_PROTOTYPES = YES;
				CLANG_WARN_SUSPICIOUS_MOVE = YES;
				CLANG_WARN_UNGUARDED_AVAILABILITY = YES_AGGRESSIVE;
				CLANG_WARN_UNREACHABLE_CODE = YES;
				CLANG_WARN__DUPLICATE_METHOD_MATCH = YES;
				CODE_SIGN_IDENTITY = "iPhone Developer";
				COPY_PHASE_STRIP = NO;
				DEBUG_INFORMATION_FORMAT = dwarf;
				ENABLE_STRICT_OBJC_MSGSEND = YES;
				ENABLE_TESTABILITY = YES;
				GCC_C_LANGUAGE_STANDARD = gnu11;
				GCC_DYNAMIC_NO_PIC = NO;
				GCC_NO_COMMON_BLOCKS = YES;
				GCC_OPTIMIZATION_LEVEL = 0;
				GCC_PREPROCESSOR_DEFINITIONS = (
					"DEBUG=1",
					"$(inherited)",
				);
				GCC_WARN_64_TO_32_BIT_CONVERSION = YES;
				GCC_WARN_ABOUT_RETURN_TYPE = YES_ERROR;
				GCC_WARN_UNDECLARED_SELECTOR = YES;
				GCC_WARN_UNINITIALIZED_AUTOS = YES_AGGRESSIVE;
				GCC_WARN_UNUSED_FUNCTION = YES;
				GCC_WARN_UNUSED_VARIABLE = YES;
				IPHONEOS_DEPLOYMENT_TARGET = 10.0;
				MTL_ENABLE_DEBUG_INFO = YES;
				ONLY_ACTIVE_ARCH = YES;
				SDKROOT = iphoneos;
				SWIFT_ACTIVE_COMPILATION_CONDITIONS = DEBUG;
				SWIFT_OPTIMIZATION_LEVEL = "-Onone";
			};
			name = Debug;
		};
		D39F6AF81FFFC80600DC7B55 /* Release */ = {
			isa = XCBuildConfiguration;
			buildSettings = {
				ALWAYS_SEARCH_USER_PATHS = NO;
				CLANG_ANALYZER_NONNULL = YES;
				CLANG_ANALYZER_NUMBER_OBJECT_CONVERSION = YES_AGGRESSIVE;
				CLANG_CXX_LANGUAGE_STANDARD = "gnu++14";
				CLANG_CXX_LIBRARY = "libc++";
				CLANG_ENABLE_MODULES = YES;
				CLANG_ENABLE_OBJC_ARC = YES;
				CLANG_WARN_BLOCK_CAPTURE_AUTORELEASING = YES;
				CLANG_WARN_BOOL_CONVERSION = YES;
				CLANG_WARN_COMMA = YES;
				CLANG_WARN_CONSTANT_CONVERSION = YES;
				CLANG_WARN_DIRECT_OBJC_ISA_USAGE = YES_ERROR;
				CLANG_WARN_DOCUMENTATION_COMMENTS = YES;
				CLANG_WARN_EMPTY_BODY = YES;
				CLANG_WARN_ENUM_CONVERSION = YES;
				CLANG_WARN_INFINITE_RECURSION = YES;
				CLANG_WARN_INT_CONVERSION = YES;
				CLANG_WARN_NON_LITERAL_NULL_CONVERSION = YES;
				CLANG_WARN_OBJC_LITERAL_CONVERSION = YES;
				CLANG_WARN_OBJC_ROOT_CLASS = YES_ERROR;
				CLANG_WARN_RANGE_LOOP_ANALYSIS = YES;
				CLANG_WARN_STRICT_PROTOTYPES = YES;
				CLANG_WARN_SUSPICIOUS_MOVE = YES;
				CLANG_WARN_UNGUARDED_AVAILABILITY = YES_AGGRESSIVE;
				CLANG_WARN_UNREACHABLE_CODE = YES;
				CLANG_WARN__DUPLICATE_METHOD_MATCH = YES;
				CODE_SIGN_IDENTITY = "iPhone Developer";
				COPY_PHASE_STRIP = NO;
				DEBUG_INFORMATION_FORMAT = "dwarf-with-dsym";
				ENABLE_NS_ASSERTIONS = NO;
				ENABLE_STRICT_OBJC_MSGSEND = YES;
				GCC_C_LANGUAGE_STANDARD = gnu11;
				GCC_NO_COMMON_BLOCKS = YES;
				GCC_WARN_64_TO_32_BIT_CONVERSION = YES;
				GCC_WARN_ABOUT_RETURN_TYPE = YES_ERROR;
				GCC_WARN_UNDECLARED_SELECTOR = YES;
				GCC_WARN_UNINITIALIZED_AUTOS = YES_AGGRESSIVE;
				GCC_WARN_UNUSED_FUNCTION = YES;
				GCC_WARN_UNUSED_VARIABLE = YES;
				IPHONEOS_DEPLOYMENT_TARGET = 10.0;
				MTL_ENABLE_DEBUG_INFO = NO;
				SDKROOT = iphoneos;
				SWIFT_OPTIMIZATION_LEVEL = "-Owholemodule";
				VALIDATE_PRODUCT = YES;
			};
			name = Release;
		};
		D39F6AFA1FFFC80600DC7B55 /* Debug */ = {
			isa = XCBuildConfiguration;
			buildSettings = {
				ASSETCATALOG_COMPILER_APPICON_NAME = AppIcon;
				CODE_SIGN_STYLE = Automatic;
				DEVELOPMENT_TEAM = 6W3F7S8Q67;
				INFOPLIST_FILE = WifiDropper/Info.plist;
				LD_RUNPATH_SEARCH_PATHS = "$(inherited) @executable_path/Frameworks";
				PRODUCT_BUNDLE_IDENTIFIER = bmarx.WifiDropper;
				PRODUCT_NAME = "$(TARGET_NAME)";
				SWIFT_VERSION = 4.0;
				TARGETED_DEVICE_FAMILY = "1,2";
			};
			name = Debug;
		};
		D39F6AFB1FFFC80600DC7B55 /* Release */ = {
			isa = XCBuildConfiguration;
			buildSettings = {
				ASSETCATALOG_COMPILER_APPICON_NAME = AppIcon;
				CODE_SIGN_STYLE = Automatic;
				DEVELOPMENT_TEAM = 6W3F7S8Q67;
				INFOPLIST_FILE = WifiDropper/Info.plist;
				LD_RUNPATH_SEARCH_PATHS = "$(inherited) @executable_path/Frameworks";
				PRODUCT_BUNDLE_IDENTIFIER = bmarx.WifiDropper;
				PRODUCT_NAME = "$(TARGET_NAME)";
				SWIFT_VERSION = 4.0;
				TARGETED_DEVICE_FAMILY = "1,2";
			};
			name = Release;
		};
/* End XCBuildConfiguration section */

/* Begin XCConfigurationList section */
		D39F6AE21FFFC80600DC7B55 /* Build configuration list for PBXProject "WifiDropper" */ = {
			isa = XCConfigurationList;
			buildConfigurations = (
				D39F6AF71FFFC80600DC7B55 /* Debug */,
				D39F6AF81FFFC80600DC7B55 /* Release */,
			);
			defaultConfigurationIsVisible = 0;
			defaultConfigurationName = Release;
		};
		D39F6AF91FFFC80600DC7B55 /* Build configuration list for PBXNativeTarget "WifiDropper" */ = {
			isa = XCConfigurationList;
			buildConfigurations = (
				D39F6AFA1FFFC80600DC7B55 /* Debug */,
				D39F6AFB1FFFC80600DC7B55 /* Release */,
			);
			defaultConfigurationIsVisible = 0;
			defaultConfigurationName = Release;
		};
/* End XCConfigurationList section */
	};
	rootObject = D39F6ADF1FFFC80600DC7B55 /* Project object */;
}
